// !$*UTF8*$!
{
	archiveVersion = 1;
	classes = {
	};
	objectVersion = 55;
	objects = {

/* Begin PBXBuildFile section */
		3B9BC984280E9C09004EC13D /* MFLibrary.docc in Sources */ = {isa = PBXBuildFile; fileRef = 3B9BC983280E9C09004EC13D /* MFLibrary.docc */; };
		3B9BC985280E9C09004EC13D /* MFLibrary.h in Headers */ = {isa = PBXBuildFile; fileRef = 3B9BC982280E9C09004EC13D /* MFLibrary.h */; settings = {ATTRIBUTES = (Public, ); }; };
		3B9BC98C280E9DDA004EC13D /* FirstViewController.swift in Sources */ = {isa = PBXBuildFile; fileRef = 3B9BC98B280E9DDA004EC13D /* FirstViewController.swift */; };
		3B9BC9CC280ED764004EC13D /* MFLogger.swift in Sources */ = {isa = PBXBuildFile; fileRef = 3B9BC9CB280ED764004EC13D /* MFLogger.swift */; };
		3C1060C3DF9016B7F40E1FE4 /* Pods_MFLibrary.framework in Frameworks */ = {isa = PBXBuildFile; fileRef = 41011835017400138A27EE83 /* Pods_MFLibrary.framework */; };
/* End PBXBuildFile section */

/* Begin PBXFileReference section */
		072E9773B14D5A835669B810 /* Pods-MFLibrary.debug.xcconfig */ = {isa = PBXFileReference; includeInIndex = 1; lastKnownFileType = text.xcconfig; name = "Pods-MFLibrary.debug.xcconfig"; path = "Target Support Files/Pods-MFLibrary/Pods-MFLibrary.debug.xcconfig"; sourceTree = "<group>"; };
		3B9BC97F280E9C09004EC13D /* MFLibrary.framework */ = {isa = PBXFileReference; explicitFileType = wrapper.framework; includeInIndex = 0; path = MFLibrary.framework; sourceTree = BUILT_PRODUCTS_DIR; };
		3B9BC982280E9C09004EC13D /* MFLibrary.h */ = {isa = PBXFileReference; lastKnownFileType = sourcecode.c.h; path = MFLibrary.h; sourceTree = "<group>"; };
		3B9BC983280E9C09004EC13D /* MFLibrary.docc */ = {isa = PBXFileReference; lastKnownFileType = folder.documentationcatalog; path = MFLibrary.docc; sourceTree = "<group>"; };
		3B9BC98B280E9DDA004EC13D /* FirstViewController.swift */ = {isa = PBXFileReference; lastKnownFileType = sourcecode.swift; path = FirstViewController.swift; sourceTree = "<group>"; };
		3B9BC9CB280ED764004EC13D /* MFLogger.swift */ = {isa = PBXFileReference; lastKnownFileType = sourcecode.swift; path = MFLogger.swift; sourceTree = "<group>"; };
		41011835017400138A27EE83 /* Pods_MFLibrary.framework */ = {isa = PBXFileReference; explicitFileType = wrapper.framework; includeInIndex = 0; path = Pods_MFLibrary.framework; sourceTree = BUILT_PRODUCTS_DIR; };
		582DD91CCD071085654F1AE8 /* Pods-MFLibrary.release.xcconfig */ = {isa = PBXFileReference; includeInIndex = 1; lastKnownFileType = text.xcconfig; name = "Pods-MFLibrary.release.xcconfig"; path = "Target Support Files/Pods-MFLibrary/Pods-MFLibrary.release.xcconfig"; sourceTree = "<group>"; };
/* End PBXFileReference section */

/* Begin PBXFrameworksBuildPhase section */
		3B9BC97C280E9C09004EC13D /* Frameworks */ = {
			isa = PBXFrameworksBuildPhase;
			buildActionMask = 2147483647;
			files = (
				3C1060C3DF9016B7F40E1FE4 /* Pods_MFLibrary.framework in Frameworks */,
			);
			runOnlyForDeploymentPostprocessing = 0;
		};
/* End PBXFrameworksBuildPhase section */

/* Begin PBXGroup section */
		0EEE23309E9C169573D41DEC /* Pods */ = {
			isa = PBXGroup;
			children = (
				072E9773B14D5A835669B810 /* Pods-MFLibrary.debug.xcconfig */,
				582DD91CCD071085654F1AE8 /* Pods-MFLibrary.release.xcconfig */,
			);
			name = Pods;
			path = Pods;
			sourceTree = "<group>";
		};
		17D9DF2BA480DA343ACF42FB /* Frameworks */ = {
			isa = PBXGroup;
			children = (
				41011835017400138A27EE83 /* Pods_MFLibrary.framework */,
			);
			name = Frameworks;
			sourceTree = "<group>";
		};
		3B9BC975280E9C09004EC13D = {
			isa = PBXGroup;
			children = (
				3B9BC981280E9C09004EC13D /* MFLibrary */,
				3B9BC980280E9C09004EC13D /* Products */,
				0EEE23309E9C169573D41DEC /* Pods */,
				17D9DF2BA480DA343ACF42FB /* Frameworks */,
			);
			sourceTree = "<group>";
		};
		3B9BC980280E9C09004EC13D /* Products */ = {
			isa = PBXGroup;
			children = (
				3B9BC97F280E9C09004EC13D /* MFLibrary.framework */,
			);
			name = Products;
			sourceTree = "<group>";
		};
		3B9BC981280E9C09004EC13D /* MFLibrary */ = {
			isa = PBXGroup;
			children = (
				3B9BC98D280E9F7B004EC13D /* Sources */,
				3B9BC982280E9C09004EC13D /* MFLibrary.h */,
				3B9BC983280E9C09004EC13D /* MFLibrary.docc */,
			);
			path = MFLibrary;
			sourceTree = "<group>";
		};
		3B9BC98D280E9F7B004EC13D /* Sources */ = {
			isa = PBXGroup;
			children = (
				3B9BC98B280E9DDA004EC13D /* FirstViewController.swift */,
				3B9BC9CB280ED764004EC13D /* MFLogger.swift */,
			);
			path = Sources;
			sourceTree = "<group>";
		};
/* End PBXGroup section */

/* Begin PBXHeadersBuildPhase section */
		3B9BC97A280E9C09004EC13D /* Headers */ = {
			isa = PBXHeadersBuildPhase;
			buildActionMask = 2147483647;
			files = (
				3B9BC985280E9C09004EC13D /* MFLibrary.h in Headers */,
			);
			runOnlyForDeploymentPostprocessing = 0;
		};
/* End PBXHeadersBuildPhase section */

/* Begin PBXNativeTarget section */
		3B9BC97E280E9C09004EC13D /* MFLibrary */ = {
			isa = PBXNativeTarget;
			buildConfigurationList = 3B9BC988280E9C09004EC13D /* Build configuration list for PBXNativeTarget "MFLibrary" */;
			buildPhases = (
				044011A505454FC5D2CA0E61 /* [CP] Check Pods Manifest.lock */,
				3B9BC97A280E9C09004EC13D /* Headers */,
				3B9BC97B280E9C09004EC13D /* Sources */,
				3B9BC97C280E9C09004EC13D /* Frameworks */,
				3B9BC97D280E9C09004EC13D /* Resources */,
			);
			buildRules = (
			);
			dependencies = (
			);
			name = MFLibrary;
			productName = MFLibrary;
			productReference = 3B9BC97F280E9C09004EC13D /* MFLibrary.framework */;
			productType = "com.apple.product-type.framework";
		};
/* End PBXNativeTarget section */

/* Begin PBXProject section */
		3B9BC976280E9C09004EC13D /* Project object */ = {
			isa = PBXProject;
			attributes = {
				BuildIndependentTargetsInParallel = 1;
				LastUpgradeCheck = 1330;
				TargetAttributes = {
					3B9BC97E280E9C09004EC13D = {
						CreatedOnToolsVersion = 13.3;
					};
				};
			};
			buildConfigurationList = 3B9BC979280E9C09004EC13D /* Build configuration list for PBXProject "MFLibrary" */;
			compatibilityVersion = "Xcode 13.0";
			developmentRegion = en;
			hasScannedForEncodings = 0;
			knownRegions = (
				en,
				Base,
			);
			mainGroup = 3B9BC975280E9C09004EC13D;
			productRefGroup = 3B9BC980280E9C09004EC13D /* Products */;
			projectDirPath = "";
			projectRoot = "";
			targets = (
				3B9BC97E280E9C09004EC13D /* MFLibrary */,
			);
		};
/* End PBXProject section */

/* Begin PBXResourcesBuildPhase section */
		3B9BC97D280E9C09004EC13D /* Resources */ = {
			isa = PBXResourcesBuildPhase;
			buildActionMask = 2147483647;
			files = (
			);
			runOnlyForDeploymentPostprocessing = 0;
		};
/* End PBXResourcesBuildPhase section */

/* Begin PBXShellScriptBuildPhase section */
		044011A505454FC5D2CA0E61 /* [CP] Check Pods Manifest.lock */ = {
			isa = PBXShellScriptBuildPhase;
			buildActionMask = 2147483647;
			files = (
			);
			inputFileListPaths = (
			);
			inputPaths = (
				"${PODS_PODFILE_DIR_PATH}/Podfile.lock",
				"${PODS_ROOT}/Manifest.lock",
			);
			name = "[CP] Check Pods Manifest.lock";
			outputFileListPaths = (
			);
			outputPaths = (
				"$(DERIVED_FILE_DIR)/Pods-MFLibrary-checkManifestLockResult.txt",
			);
			runOnlyForDeploymentPostprocessing = 0;
			shellPath = /bin/sh;
			shellScript = "diff \"${PODS_PODFILE_DIR_PATH}/Podfile.lock\" \"${PODS_ROOT}/Manifest.lock\" > /dev/null\nif [ $? != 0 ] ; then\n    # print error to STDERR\n    echo \"error: The sandbox is not in sync with the Podfile.lock. Run 'pod install' or update your CocoaPods installation.\" >&2\n    exit 1\nfi\n# This output is used by Xcode 'outputs' to avoid re-running this script phase.\necho \"SUCCESS\" > \"${SCRIPT_OUTPUT_FILE_0}\"\n";
			showEnvVarsInLog = 0;
		};
/* End PBXShellScriptBuildPhase section */

/* Begin PBXSourcesBuildPhase section */
		3B9BC97B280E9C09004EC13D /* Sources */ = {
			isa = PBXSourcesBuildPhase;
			buildActionMask = 2147483647;
			files = (
				3B9BC984280E9C09004EC13D /* MFLibrary.docc in Sources */,
				3B9BC9CC280ED764004EC13D /* MFLogger.swift in Sources */,
				3B9BC98C280E9DDA004EC13D /* FirstViewController.swift in Sources */,
			);
			runOnlyForDeploymentPostprocessing = 0;
		};
/* End PBXSourcesBuildPhase section */

/* Begin XCBuildConfiguration section */
		3B9BC986280E9C09004EC13D /* Debug */ = {
			isa = XCBuildConfiguration;
			buildSettings = {
				ALWAYS_SEARCH_USER_PATHS = NO;
				CLANG_ANALYZER_NONNULL = YES;
				CLANG_ANALYZER_NUMBER_OBJECT_CONVERSION = YES_AGGRESSIVE;
				CLANG_CXX_LANGUAGE_STANDARD = "gnu++17";
				CLANG_ENABLE_MODULES = YES;
				CLANG_ENABLE_OBJC_ARC = YES;
				CLANG_ENABLE_OBJC_WEAK = YES;
				CLANG_WARN_BLOCK_CAPTURE_AUTORELEASING = YES;
				CLANG_WARN_BOOL_CONVERSION = YES;
				CLANG_WARN_COMMA = YES;
				CLANG_WARN_CONSTANT_CONVERSION = YES;
				CLANG_WARN_DEPRECATED_OBJC_IMPLEMENTATIONS = YES;
				CLANG_WARN_DIRECT_OBJC_ISA_USAGE = YES_ERROR;
				CLANG_WARN_DOCUMENTATION_COMMENTS = YES;
				CLANG_WARN_EMPTY_BODY = YES;
				CLANG_WARN_ENUM_CONVERSION = YES;
				CLANG_WARN_INFINITE_RECURSION = YES;
				CLANG_WARN_INT_CONVERSION = YES;
				CLANG_WARN_NON_LITERAL_NULL_CONVERSION = YES;
				CLANG_WARN_OBJC_IMPLICIT_RETAIN_SELF = YES;
				CLANG_WARN_OBJC_LITERAL_CONVERSION = YES;
				CLANG_WARN_OBJC_ROOT_CLASS = YES_ERROR;
				CLANG_WARN_QUOTED_INCLUDE_IN_FRAMEWORK_HEADER = YES;
				CLANG_WARN_RANGE_LOOP_ANALYSIS = YES;
				CLANG_WARN_STRICT_PROTOTYPES = YES;
				CLANG_WARN_SUSPICIOUS_MOVE = YES;
				CLANG_WARN_UNGUARDED_AVAILABILITY = YES_AGGRESSIVE;
				CLANG_WARN_UNREACHABLE_CODE = YES;
				CLANG_WARN__DUPLICATE_METHOD_MATCH = YES;
				COPY_PHASE_STRIP = NO;
				CURRENT_PROJECT_VERSION = 1;
				DEBUG_INFORMATION_FORMAT = dwarf;
				ENABLE_STRICT_OBJC_MSGSEND = YES;
				ENABLE_TESTABILITY = YES;
				GCC_C_LANGUAGE_STANDARD = gnu11;
				GCC_DYNAMIC_NO_PIC = NO;
				GCC_NO_COMMON_BLOCKS = YES;
				GCC_OPTIMIZATION_LEVEL = 0;
				GCC_PREPROCESSOR_DEFINITIONS = (
					"DEBUG=1",
					"$(inherited)",
				);
				GCC_WARN_64_TO_32_BIT_CONVERSION = YES;
				GCC_WARN_ABOUT_RETURN_TYPE = YES_ERROR;
				GCC_WARN_UNDECLARED_SELECTOR = YES;
				GCC_WARN_UNINITIALIZED_AUTOS = YES_AGGRESSIVE;
				GCC_WARN_UNUSED_FUNCTION = YES;
				GCC_WARN_UNUSED_VARIABLE = YES;
				IPHONEOS_DEPLOYMENT_TARGET = 15.4;
				MTL_ENABLE_DEBUG_INFO = INCLUDE_SOURCE;
				MTL_FAST_MATH = YES;
				ONLY_ACTIVE_ARCH = YES;
				SDKROOT = iphoneos;
				SWIFT_ACTIVE_COMPILATION_CONDITIONS = DEBUG;
				SWIFT_OPTIMIZATION_LEVEL = "-Onone";
				VERSIONING_SYSTEM = "apple-generic";
				VERSION_INFO_PREFIX = "";
			};
			name = Debug;
		};
		3B9BC987280E9C09004EC13D /* Release */ = {
			isa = XCBuildConfiguration;
			buildSettings = {
				ALWAYS_SEARCH_USER_PATHS = NO;
				CLANG_ANALYZER_NONNULL = YES;
				CLANG_ANALYZER_NUMBER_OBJECT_CONVERSION = YES_AGGRESSIVE;
				CLANG_CXX_LANGUAGE_STANDARD = "gnu++17";
				CLANG_ENABLE_MODULES = YES;
				CLANG_ENABLE_OBJC_ARC = YES;
				CLANG_ENABLE_OBJC_WEAK = YES;
				CLANG_WARN_BLOCK_CAPTURE_AUTORELEASING = YES;
				CLANG_WARN_BOOL_CONVERSION = YES;
				CLANG_WARN_COMMA = YES;
				CLANG_WARN_CONSTANT_CONVERSION = YES;
				CLANG_WARN_DEPRECATED_OBJC_IMPLEMENTATIONS = YES;
				CLANG_WARN_DIRECT_OBJC_ISA_USAGE = YES_ERROR;
				CLANG_WARN_DOCUMENTATION_COMMENTS = YES;
				CLANG_WARN_EMPTY_BODY = YES;
				CLANG_WARN_ENUM_CONVERSION = YES;
				CLANG_WARN_INFINITE_RECURSION = YES;
				CLANG_WARN_INT_CONVERSION = YES;
				CLANG_WARN_NON_LITERAL_NULL_CONVERSION = YES;
				CLANG_WARN_OBJC_IMPLICIT_RETAIN_SELF = YES;
				CLANG_WARN_OBJC_LITERAL_CONVERSION = YES;
				CLANG_WARN_OBJC_ROOT_CLASS = YES_ERROR;
				CLANG_WARN_QUOTED_INCLUDE_IN_FRAMEWORK_HEADER = YES;
				CLANG_WARN_RANGE_LOOP_ANALYSIS = YES;
				CLANG_WARN_STRICT_PROTOTYPES = YES;
				CLANG_WARN_SUSPICIOUS_MOVE = YES;
				CLANG_WARN_UNGUARDED_AVAILABILITY = YES_AGGRESSIVE;
				CLANG_WARN_UNREACHABLE_CODE = YES;
				CLANG_WARN__DUPLICATE_METHOD_MATCH = YES;
				COPY_PHASE_STRIP = NO;
				CURRENT_PROJECT_VERSION = 1;
				DEBUG_INFORMATION_FORMAT = "dwarf-with-dsym";
				ENABLE_NS_ASSERTIONS = NO;
				ENABLE_STRICT_OBJC_MSGSEND = YES;
				GCC_C_LANGUAGE_STANDARD = gnu11;
				GCC_NO_COMMON_BLOCKS = YES;
				GCC_WARN_64_TO_32_BIT_CONVERSION = YES;
				GCC_WARN_ABOUT_RETURN_TYPE = YES_ERROR;
				GCC_WARN_UNDECLARED_SELECTOR = YES;
				GCC_WARN_UNINITIALIZED_AUTOS = YES_AGGRESSIVE;
				GCC_WARN_UNUSED_FUNCTION = YES;
				GCC_WARN_UNUSED_VARIABLE = YES;
				IPHONEOS_DEPLOYMENT_TARGET = 15.4;
				MTL_ENABLE_DEBUG_INFO = NO;
				MTL_FAST_MATH = YES;
				SDKROOT = iphoneos;
				SWIFT_COMPILATION_MODE = wholemodule;
				SWIFT_OPTIMIZATION_LEVEL = "-O";
				VALIDATE_PRODUCT = YES;
				VERSIONING_SYSTEM = "apple-generic";
				VERSION_INFO_PREFIX = "";
			};
			name = Release;
		};
		3B9BC989280E9C09004EC13D /* Debug */ = {
			isa = XCBuildConfiguration;
			baseConfigurationReference = 072E9773B14D5A835669B810 /* Pods-MFLibrary.debug.xcconfig */;
			buildSettings = {
				CODE_SIGN_STYLE = Automatic;
				CURRENT_PROJECT_VERSION = 1;
				DEFINES_MODULE = YES;
				DEVELOPMENT_TEAM = DB29G5WVWA;
				DYLIB_COMPATIBILITY_VERSION = 1;
				DYLIB_CURRENT_VERSION = 1;
				DYLIB_INSTALL_NAME_BASE = "@rpath";
				GENERATE_INFOPLIST_FILE = YES;
				INFOPLIST_KEY_NSHumanReadableCopyright = "";
				INSTALL_PATH = "$(LOCAL_LIBRARY_DIR)/Frameworks";
				IPHONEOS_DEPLOYMENT_TARGET = 11.0;
				LD_RUNPATH_SEARCH_PATHS = (
					"$(inherited)",
					"@executable_path/Frameworks",
					"@loader_path/Frameworks",
				);
				MARKETING_VERSION = 1.0;
				PRODUCT_BUNDLE_IDENTIFIER = uz.library.MFLibrary;
				PRODUCT_NAME = "$(TARGET_NAME:c99extidentifier)";
				SKIP_INSTALL = YES;
				SUPPORTS_MACCATALYST = NO;
				SWIFT_EMIT_LOC_STRINGS = YES;
				SWIFT_VERSION = 5.0;
				TARGETED_DEVICE_FAMILY = 1;
			};
			name = Debug;
		};
		3B9BC98A280E9C09004EC13D /* Release */ = {
			isa = XCBuildConfiguration;
			baseConfigurationReference = 582DD91CCD071085654F1AE8 /* Pods-MFLibrary.release.xcconfig */;
			buildSettings = {
				CODE_SIGN_STYLE = Automatic;
				CURRENT_PROJECT_VERSION = 1;
				DEFINES_MODULE = YES;
				DEVELOPMENT_TEAM = DB29G5WVWA;
				DYLIB_COMPATIBILITY_VERSION = 1;
				DYLIB_CURRENT_VERSION = 1;
				DYLIB_INSTALL_NAME_BASE = "@rpath";
				GENERATE_INFOPLIST_FILE = YES;
				INFOPLIST_KEY_NSHumanReadableCopyright = "";
				INSTALL_PATH = "$(LOCAL_LIBRARY_DIR)/Frameworks";
				IPHONEOS_DEPLOYMENT_TARGET = 11.0;
				LD_RUNPATH_SEARCH_PATHS = (
					"$(inherited)",
					"@executable_path/Frameworks",
					"@loader_path/Frameworks",
				);
				MARKETING_VERSION = 1.0;
				PRODUCT_BUNDLE_IDENTIFIER = uz.library.MFLibrary;
				PRODUCT_NAME = "$(TARGET_NAME:c99extidentifier)";
				SKIP_INSTALL = YES;
				SUPPORTS_MACCATALYST = NO;
				SWIFT_EMIT_LOC_STRINGS = YES;
				SWIFT_VERSION = 5.0;
				TARGETED_DEVICE_FAMILY = 1;
			};
			name = Release;
		};
/* End XCBuildConfiguration section */

/* Begin XCConfigurationList section */
		3B9BC979280E9C09004EC13D /* Build configuration list for PBXProject "MFLibrary" */ = {
			isa = XCConfigurationList;
			buildConfigurations = (
				3B9BC986280E9C09004EC13D /* Debug */,
				3B9BC987280E9C09004EC13D /* Release */,
			);
			defaultConfigurationIsVisible = 0;
			defaultConfigurationName = Release;
		};
		3B9BC988280E9C09004EC13D /* Build configuration list for PBXNativeTarget "MFLibrary" */ = {
			isa = XCConfigurationList;
			buildConfigurations = (
				3B9BC989280E9C09004EC13D /* Debug */,
				3B9BC98A280E9C09004EC13D /* Release */,
			);
			defaultConfigurationIsVisible = 0;
			defaultConfigurationName = Release;
		};
/* End XCConfigurationList section */
	};
	rootObject = 3B9BC976280E9C09004EC13D /* Project object */;
}
